
Microsoft Visual Studio Solution File, Format Version 12.00
# Visual Studio Version 16
VisualStudioVersion = 16.0.29920.165
MinimumVisualStudioVersion = 10.0.40219.1
Project("{FAE04EC0-301F-11D3-BF4B-00C04F79EFBC}") = "ColorPicker", "ColorPicker\ColorPicker.csproj", "{7C163676-1E7F-4076-A624-7A23FF4641E4}"
EndProject
Global
	GlobalSection(SolutionConfigurationPlatforms) = preSolution
		Debug|Any CPU = Debug|Any CPU
		Release|Any CPU = Release|Any CPU
	EndGlobalSection
	GlobalSection(ProjectConfigurationPlatforms) = postSolution
		{7C163676-1E7F-4076-A624-7A23FF4641E4}.Debug|Any CPU.ActiveCfg = Debug|Any CPU
		{7C163676-1E7F-4076-A624-7A23FF4641E4}.Debug|Any CPU.Build.0 = Debug|Any CPU
		{7C163676-1E7F-4076-A624-7A23FF4641E4}.Release|Any CPU.ActiveCfg = Release|Any CPU
		{7C163676-1E7F-4076-A624-7A23FF4641E4}.Release|Any CPU.Build.0 = Release|Any CPU
	EndGlobalSection
	GlobalSection(SolutionProperties) = preSolution
		HideSolutionNode = FALSE
	EndGlobalSection
	GlobalSection(ExtensibilityGlobals) = postSolution
		SolutionGuid = {343FD4A6-4229-477A-8E27-34CF11BD3242}
	EndGlobalSection
EndGlobal
